
Microsoft Visual Studio Solution File, Format Version 12.00
# Visual Studio 2012
Project("{FAE04EC0-301F-11D3-BF4B-00C04F79EFBC}") = "SteamAuthMobile", "SteamAuthMobile\SteamAuthMobile.csproj", "{D84F1E51-D4F1-435D-90D4-C0A35A91A626}"
EndProject
Global
	GlobalSection(SolutionConfigurationPlatforms) = preSolution
		Debug|x86 = Debug|x86
		Release|x86 = Release|x86
	EndGlobalSection
	GlobalSection(ProjectConfigurationPlatforms) = postSolution
		{D84F1E51-D4F1-435D-90D4-C0A35A91A626}.Debug|x86.ActiveCfg = Debug|x86
		{D84F1E51-D4F1-435D-90D4-C0A35A91A626}.Debug|x86.Build.0 = Debug|x86
		{D84F1E51-D4F1-435D-90D4-C0A35A91A626}.Release|x86.ActiveCfg = Release|x86
		{D84F1E51-D4F1-435D-90D4-C0A35A91A626}.Release|x86.Build.0 = Release|x86
	EndGlobalSection
EndGlobal
